// !$*UTF8*$!
{
	archiveVersion = 1;
	classes = {
	};
	objectVersion = 46;
	objects = {

/* Begin PBXBuildFile section */
		990309FE1CCF38B70012DD27 /* main.m in Sources */ = {isa = PBXBuildFile; fileRef = 990309FD1CCF38B70012DD27 /* main.m */; };
		99030A011CCF38B70012DD27 /* AppDelegate.m in Sources */ = {isa = PBXBuildFile; fileRef = 99030A001CCF38B70012DD27 /* AppDelegate.m */; };
		99030A041CCF38B70012DD27 /* ViewController.m in Sources */ = {isa = PBXBuildFile; fileRef = 99030A031CCF38B70012DD27 /* ViewController.m */; };
		99030A091CCF38B70012DD27 /* Assets.xcassets in Resources */ = {isa = PBXBuildFile; fileRef = 99030A081CCF38B70012DD27 /* Assets.xcassets */; };
		99030A151CCF4A770012DD27 /* TicketSellViewController.m in Sources */ = {isa = PBXBuildFile; fileRef = 99030A141CCF4A770012DD27 /* TicketSellViewController.m */; };
/* End PBXBuildFile section */

/* Begin PBXFileReference section */
		990309F91CCF38B70012DD27 /* Test.app */ = {isa = PBXFileReference; explicitFileType = wrapper.application; includeInIndex = 0; path = Test.app; sourceTree = BUILT_PRODUCTS_DIR; };
		990309FD1CCF38B70012DD27 /* main.m */ = {isa = PBXFileReference; lastKnownFileType = sourcecode.c.objc; path = main.m; sourceTree = "<group>"; };
		990309FF1CCF38B70012DD27 /* AppDelegate.h */ = {isa = PBXFileReference; lastKnownFileType = sourcecode.c.h; path = AppDelegate.h; sourceTree = "<group>"; };
		99030A001CCF38B70012DD27 /* AppDelegate.m */ = {isa = PBXFileReference; lastKnownFileType = sourcecode.c.objc; path = AppDelegate.m; sourceTree = "<group>"; };
		99030A021CCF38B70012DD27 /* ViewController.h */ = {isa = PBXFileReference; lastKnownFileType = sourcecode.c.h; path = ViewController.h; sourceTree = "<group>"; };
		99030A031CCF38B70012DD27 /* ViewController.m */ = {isa = PBXFileReference; lastKnownFileType = sourcecode.c.objc; path = ViewController.m; sourceTree = "<group>"; };
		99030A081CCF38B70012DD27 /* Assets.xcassets */ = {isa = PBXFileReference; lastKnownFileType = folder.assetcatalog; path = Assets.xcassets; sourceTree = "<group>"; };
		99030A0D1CCF38B70012DD27 /* Info.plist */ = {isa = PBXFileReference; lastKnownFileType = text.plist.xml; path = Info.plist; sourceTree = "<group>"; };
		99030A131CCF4A770012DD27 /* TicketSellViewController.h */ = {isa = PBXFileReference; fileEncoding = 4; lastKnownFileType = sourcecode.c.h; path = TicketSellViewController.h; sourceTree = "<group>"; };
		99030A141CCF4A770012DD27 /* TicketSellViewController.m */ = {isa = PBXFileReference; fileEncoding = 4; lastKnownFileType = sourcecode.c.objc; path = TicketSellViewController.m; sourceTree = "<group>"; };
/* End PBXFileReference section */

/* Begin PBXFrameworksBuildPhase section */
		990309F61CCF38B70012DD27 /* Frameworks */ = {
			isa = PBXFrameworksBuildPhase;
			buildActionMask = 2147483647;
			files = (
			);
			runOnlyForDeploymentPostprocessing = 0;
		};
/* End PBXFrameworksBuildPhase section */

/* Begin PBXGroup section */
		990309F01CCF38B70012DD27 = {
			isa = PBXGroup;
			children = (
				990309FB1CCF38B70012DD27 /* Test */,
				990309FA1CCF38B70012DD27 /* Products */,
			);
			sourceTree = "<group>";
		};
		990309FA1CCF38B70012DD27 /* Products */ = {
			isa = PBXGroup;
			children = (
				990309F91CCF38B70012DD27 /* Test.app */,
			);
			name = Products;
			sourceTree = "<group>";
		};
		990309FB1CCF38B70012DD27 /* Test */ = {
			isa = PBXGroup;
			children = (
				990309FF1CCF38B70012DD27 /* AppDelegate.h */,
				99030A001CCF38B70012DD27 /* AppDelegate.m */,
				99030A021CCF38B70012DD27 /* ViewController.h */,
				99030A031CCF38B70012DD27 /* ViewController.m */,
				99030A081CCF38B70012DD27 /* Assets.xcassets */,
				99030A0D1CCF38B70012DD27 /* Info.plist */,
				990309FC1CCF38B70012DD27 /* Supporting Files */,
				99030A131CCF4A770012DD27 /* TicketSellViewController.h */,
				99030A141CCF4A770012DD27 /* TicketSellViewController.m */,
			);
			path = Test;
			sourceTree = "<group>";
		};
		990309FC1CCF38B70012DD27 /* Supporting Files */ = {
			isa = PBXGroup;
			children = (
				990309FD1CCF38B70012DD27 /* main.m */,
			);
			name = "Supporting Files";
			sourceTree = "<group>";
		};
/* End PBXGroup section */

/* Begin PBXNativeTarget section */
		990309F81CCF38B70012DD27 /* Test */ = {
			isa = PBXNativeTarget;
			buildConfigurationList = 99030A101CCF38B70012DD27 /* Build configuration list for PBXNativeTarget "Test" */;
			buildPhases = (
				990309F51CCF38B70012DD27 /* Sources */,
				990309F61CCF38B70012DD27 /* Frameworks */,
				990309F71CCF38B70012DD27 /* Resources */,
			);
			buildRules = (
			);
			dependencies = (
			);
			name = Test;
			productName = Test;
			productReference = 990309F91CCF38B70012DD27 /* Test.app */;
			productType = "com.apple.product-type.application";
		};
/* End PBXNativeTarget section */

/* Begin PBXProject section */
		990309F11CCF38B70012DD27 /* Project object */ = {
			isa = PBXProject;
			attributes = {
				LastUpgradeCheck = 0730;
				ORGANIZATIONNAME = husor;
				TargetAttributes = {
					990309F81CCF38B70012DD27 = {
						CreatedOnToolsVersion = 7.3;
					};
				};
			};
			buildConfigurationList = 990309F41CCF38B70012DD27 /* Build configuration list for PBXProject "Test" */;
			compatibilityVersion = "Xcode 3.2";
			developmentRegion = English;
			hasScannedForEncodings = 0;
			knownRegions = (
				en,
				Base,
			);
			mainGroup = 990309F01CCF38B70012DD27;
			productRefGroup = 990309FA1CCF38B70012DD27 /* Products */;
			projectDirPath = "";
			projectRoot = "";
			targets = (
				990309F81CCF38B70012DD27 /* Test */,
			);
		};
/* End PBXProject section */

/* Begin PBXResourcesBuildPhase section */
		990309F71CCF38B70012DD27 /* Resources */ = {
			isa = PBXResourcesBuildPhase;
			buildActionMask = 2147483647;
			files = (
				99030A091CCF38B70012DD27 /* Assets.xcassets in Resources */,
			);
			runOnlyForDeploymentPostprocessing = 0;
		};
/* End PBXResourcesBuildPhase section */

/* Begin PBXSourcesBuildPhase section */
		990309F51CCF38B70012DD27 /* Sources */ = {
			isa = PBXSourcesBuildPhase;
			buildActionMask = 2147483647;
			files = (
				99030A151CCF4A770012DD27 /* TicketSellViewController.m in Sources */,
				99030A041CCF38B70012DD27 /* ViewController.m in Sources */,
				99030A011CCF38B70012DD27 /* AppDelegate.m in Sources */,
				990309FE1CCF38B70012DD27 /* main.m in Sources */,
			);
			runOnlyForDeploymentPostprocessing = 0;
		};
/* End PBXSourcesBuildPhase section */

/* Begin XCBuildConfiguration section */
		99030A0E1CCF38B70012DD27 /* Debug */ = {
			isa = XCBuildConfiguration;
			buildSettings = {
				ALWAYS_SEARCH_USER_PATHS = NO;
				CLANG_ANALYZER_NONNULL = YES;
				CLANG_CXX_LANGUAGE_STANDARD = "gnu++0x";
				CLANG_CXX_LIBRARY = "libc++";
				CLANG_ENABLE_MODULES = YES;
				CLANG_ENABLE_OBJC_ARC = YES;
				CLANG_WARN_BOOL_CONVERSION = YES;
				CLANG_WARN_CONSTANT_CONVERSION = YES;
				CLANG_WARN_DIRECT_OBJC_ISA_USAGE = YES_ERROR;
				CLANG_WARN_EMPTY_BODY = YES;
				CLANG_WARN_ENUM_CONVERSION = YES;
				CLANG_WARN_INT_CONVERSION = YES;
				CLANG_WARN_OBJC_ROOT_CLASS = YES_ERROR;
				CLANG_WARN_UNREACHABLE_CODE = YES;
				CLANG_WARN__DUPLICATE_METHOD_MATCH = YES;
				"CODE_SIGN_IDENTITY[sdk=iphoneos*]" = "iPhone Developer";
				COPY_PHASE_STRIP = NO;
				DEBUG_INFORMATION_FORMAT = dwarf;
				ENABLE_STRICT_OBJC_MSGSEND = YES;
				ENABLE_TESTABILITY = YES;
				GCC_C_LANGUAGE_STANDARD = gnu99;
				GCC_DYNAMIC_NO_PIC = NO;
				GCC_NO_COMMON_BLOCKS = YES;
				GCC_OPTIMIZATION_LEVEL = 0;
				GCC_PREPROCESSOR_DEFINITIONS = (
					"DEBUG=1",
					"$(inherited)",
				);
				GCC_WARN_64_TO_32_BIT_CONVERSION = YES;
				GCC_WARN_ABOUT_RETURN_TYPE = YES_ERROR;
				GCC_WARN_UNDECLARED_SELECTOR = YES;
				GCC_WARN_UNINITIALIZED_AUTOS = YES_AGGRESSIVE;
				GCC_WARN_UNUSED_FUNCTION = YES;
				GCC_WARN_UNUSED_VARIABLE = YES;
				IPHONEOS_DEPLOYMENT_TARGET = 9.3;
				MTL_ENABLE_DEBUG_INFO = YES;
				ONLY_ACTIVE_ARCH = YES;
				SDKROOT = iphoneos;
			};
			name = Debug;
		};
		99030A0F1CCF38B70012DD27 /* Release */ = {
			isa = XCBuildConfiguration;
			buildSettings = {
				ALWAYS_SEARCH_USER_PATHS = NO;
				CLANG_ANALYZER_NONNULL = YES;
				CLANG_CXX_LANGUAGE_STANDARD = "gnu++0x";
				CLANG_CXX_LIBRARY = "libc++";
				CLANG_ENABLE_MODULES = YES;
				CLANG_ENABLE_OBJC_ARC = YES;
				CLANG_WARN_BOOL_CONVERSION = YES;
				CLANG_WARN_CONSTANT_CONVERSION = YES;
				CLANG_WARN_DIRECT_OBJC_ISA_USAGE = YES_ERROR;
				CLANG_WARN_EMPTY_BODY = YES;
				CLANG_WARN_ENUM_CONVERSION = YES;
				CLANG_WARN_INT_CONVERSION = YES;
				CLANG_WARN_OBJC_ROOT_CLASS = YES_ERROR;
				CLANG_WARN_UNREACHABLE_CODE = YES;
				CLANG_WARN__DUPLICATE_METHOD_MATCH = YES;
				"CODE_SIGN_IDENTITY[sdk=iphoneos*]" = "iPhone Developer";
				COPY_PHASE_STRIP = NO;
				DEBUG_INFORMATION_FORMAT = "dwarf-with-dsym";
				ENABLE_NS_ASSERTIONS = NO;
				ENABLE_STRICT_OBJC_MSGSEND = YES;
				GCC_C_LANGUAGE_STANDARD = gnu99;
				GCC_NO_COMMON_BLOCKS = YES;
				GCC_WARN_64_TO_32_BIT_CONVERSION = YES;
				GCC_WARN_ABOUT_RETURN_TYPE = YES_ERROR;
				GCC_WARN_UNDECLARED_SELECTOR = YES;
				GCC_WARN_UNINITIALIZED_AUTOS = YES_AGGRESSIVE;
				GCC_WARN_UNUSED_FUNCTION = YES;
				GCC_WARN_UNUSED_VARIABLE = YES;
				IPHONEOS_DEPLOYMENT_TARGET = 9.3;
				MTL_ENABLE_DEBUG_INFO = NO;
				SDKROOT = iphoneos;
				VALIDATE_PRODUCT = YES;
			};
			name = Release;
		};
		99030A111CCF38B70012DD27 /* Debug */ = {
			isa = XCBuildConfiguration;
			buildSettings = {
				ASSETCATALOG_COMPILER_APPICON_NAME = AppIcon;
				INFOPLIST_FILE = Test/Info.plist;
				LD_RUNPATH_SEARCH_PATHS = "$(inherited) @executable_path/Frameworks";
				PRODUCT_BUNDLE_IDENTIFIER = come.husor.Test;
				PRODUCT_NAME = "$(TARGET_NAME)";
			};
			name = Debug;
		};
		99030A121CCF38B70012DD27 /* Release */ = {
			isa = XCBuildConfiguration;
			buildSettings = {
				ASSETCATALOG_COMPILER_APPICON_NAME = AppIcon;
				INFOPLIST_FILE = Test/Info.plist;
				LD_RUNPATH_SEARCH_PATHS = "$(inherited) @executable_path/Frameworks";
				PRODUCT_BUNDLE_IDENTIFIER = come.husor.Test;
				PRODUCT_NAME = "$(TARGET_NAME)";
			};
			name = Release;
		};
/* End XCBuildConfiguration section */

/* Begin XCConfigurationList section */
		990309F41CCF38B70012DD27 /* Build configuration list for PBXProject "Test" */ = {
			isa = XCConfigurationList;
			buildConfigurations = (
				99030A0E1CCF38B70012DD27 /* Debug */,
				99030A0F1CCF38B70012DD27 /* Release */,
			);
			defaultConfigurationIsVisible = 0;
			defaultConfigurationName = Release;
		};
		99030A101CCF38B70012DD27 /* Build configuration list for PBXNativeTarget "Test" */ = {
			isa = XCConfigurationList;
			buildConfigurations = (
				99030A111CCF38B70012DD27 /* Debug */,
				99030A121CCF38B70012DD27 /* Release */,
			);
			defaultConfigurationIsVisible = 0;
		};
/* End XCConfigurationList section */
	};
	rootObject = 990309F11CCF38B70012DD27 /* Project object */;
}
